// !$*UTF8*$!
{
	archiveVersion = 1;
	classes = {
	};
	objectVersion = 77;
	objects = {

/* Begin PBXBuildFile section */
		19BF9F7A77685C9F4EC1E422 /* RecordingManager.swift in Sources */ = {isa = PBXBuildFile; fileRef = D628EBE6E2D38A2803E11F02 /* RecordingManager.swift */; };
		3AABFD0C0DA2926318FB7BA2 /* VitalsScheduler.swift in Sources */ = {isa = PBXBuildFile; fileRef = FE73BBB3AF509CBA59CD1294 /* VitalsScheduler.swift */; };
		3BE2BD18CE29AB7D43445AD4 /* WatchAppDelegate.swift in Sources */ = {isa = PBXBuildFile; fileRef = 4389B6F59473F9871E209C27 /* WatchAppDelegate.swift */; };
		8293FF7CB6670D9A8272E6B8 /* Resources in Resources */ = {isa = PBXBuildFile; fileRef = 5AFE2F79E2FB0928F2E882B6 /* Resources */; };
		98AF52B6D9A54FA7AFEFA171 /* StandbyWatchApp.app in Embed Watch Content */ = {isa = PBXBuildFile; fileRef = BACDFD995B68899986273B63 /* StandbyWatchApp.app */; settings = {ATTRIBUTES = (RemoveHeadersOnCopy, ); }; };
		A8E204368F060523DF527A39 /* StandbyWatchApp.swift in Sources */ = {isa = PBXBuildFile; fileRef = A29680711730267F42D4F1E3 /* StandbyWatchApp.swift */; };
		B9FD1DA8D061B000707A70D5 /* StandbyApp.swift in Sources */ = {isa = PBXBuildFile; fileRef = B82EE7CA6599D6B05D88B30E /* StandbyApp.swift */; };
		C82FFD511369FD1F13AFF81C /* Resources in Resources */ = {isa = PBXBuildFile; fileRef = 583BE895FC27B39AC3837C94 /* Resources */; };
		CF53922A107B1021378CFBCB /* HealthKitManager.swift in Sources */ = {isa = PBXBuildFile; fileRef = CDCE795B2806B39DEF01E02D /* HealthKitManager.swift */; };
		DA5DFAF37993F7689E821A47 /* StandbyWatchExtension.appex in Embed Foundation Extensions */ = {isa = PBXBuildFile; fileRef = DF3ADB3DDBD0453C570B0E79 /* StandbyWatchExtension.appex */; settings = {ATTRIBUTES = (RemoveHeadersOnCopy, ); }; };
		E763B25422C1D8AA76280C63 /* Connectivity.swift in Sources */ = {isa = PBXBuildFile; fileRef = C5083BA5EE5EBE6738F2B3D3 /* Connectivity.swift */; };
/* End PBXBuildFile section */

/* Begin PBXContainerItemProxy section */
		6DBDFB5CA8054793F9A10EB3 /* PBXContainerItemProxy */ = {
			isa = PBXContainerItemProxy;
			containerPortal = F08877F088B9856DBE3F2CDF /* Project object */;
			proxyType = 1;
			remoteGlobalIDString = 7BCB3EBD5AB851E379E6807B;
			remoteInfo = StandbyWatchApp;
		};
		8C4625E091386A29D0EBFF6E /* PBXContainerItemProxy */ = {
			isa = PBXContainerItemProxy;
			containerPortal = F08877F088B9856DBE3F2CDF /* Project object */;
			proxyType = 1;
			remoteGlobalIDString = E7DA775F05B7390C7244F115;
			remoteInfo = StandbyWatchExtension;
		};
/* End PBXContainerItemProxy section */

/* Begin PBXCopyFilesBuildPhase section */
		7B0489773FF6DBE868D5AE62 /* Embed Watch Content */ = {
			isa = PBXCopyFilesBuildPhase;
			buildActionMask = 2147483647;
			dstPath = "$(CONTENTS_FOLDER_PATH)/Watch";
			dstSubfolderSpec = 16;
			files = (
				98AF52B6D9A54FA7AFEFA171 /* StandbyWatchApp.app in Embed Watch Content */,
			);
			name = "Embed Watch Content";
			runOnlyForDeploymentPostprocessing = 0;
		};
		7B987B55D543E2B2D71AF11F /* Embed Foundation Extensions */ = {
			isa = PBXCopyFilesBuildPhase;
			buildActionMask = 2147483647;
			dstPath = "";
			dstSubfolderSpec = 13;
			files = (
				DA5DFAF37993F7689E821A47 /* StandbyWatchExtension.appex in Embed Foundation Extensions */,
			);
			name = "Embed Foundation Extensions";
			runOnlyForDeploymentPostprocessing = 0;
		};
/* End PBXCopyFilesBuildPhase section */

/* Begin PBXFileReference section */
		4389B6F59473F9871E209C27 /* WatchAppDelegate.swift */ = {isa = PBXFileReference; lastKnownFileType = sourcecode.swift; path = WatchAppDelegate.swift; sourceTree = "<group>"; };
		53B87892CE944DB0AAA9BF21 /* StandbyApp.app */ = {isa = PBXFileReference; includeInIndex = 0; lastKnownFileType = wrapper.application; path = StandbyApp.app; sourceTree = BUILT_PRODUCTS_DIR; };
		583BE895FC27B39AC3837C94 /* Resources */ = {isa = PBXFileReference; lastKnownFileType = folder; name = Resources; path = WatchExtension/Resources; sourceTree = SOURCE_ROOT; };
		5AFE2F79E2FB0928F2E882B6 /* Resources */ = {isa = PBXFileReference; lastKnownFileType = folder; name = Resources; path = iOSApp/Resources; sourceTree = SOURCE_ROOT; };
		A29680711730267F42D4F1E3 /* StandbyWatchApp.swift */ = {isa = PBXFileReference; lastKnownFileType = sourcecode.swift; path = StandbyWatchApp.swift; sourceTree = "<group>"; };
		B637706CE0F6D526F79F1B4A /* Info.plist */ = {isa = PBXFileReference; lastKnownFileType = text.plist; path = Info.plist; sourceTree = "<group>"; };
		B82EE7CA6599D6B05D88B30E /* StandbyApp.swift */ = {isa = PBXFileReference; lastKnownFileType = sourcecode.swift; path = StandbyApp.swift; sourceTree = "<group>"; };
		BACDFD995B68899986273B63 /* StandbyWatchApp.app */ = {isa = PBXFileReference; explicitFileType = wrapper.application; includeInIndex = 0; path = StandbyWatchApp.app; sourceTree = BUILT_PRODUCTS_DIR; };
		C5083BA5EE5EBE6738F2B3D3 /* Connectivity.swift */ = {isa = PBXFileReference; lastKnownFileType = sourcecode.swift; path = Connectivity.swift; sourceTree = "<group>"; };
		CDCE795B2806B39DEF01E02D /* HealthKitManager.swift */ = {isa = PBXFileReference; lastKnownFileType = sourcecode.swift; path = HealthKitManager.swift; sourceTree = "<group>"; };
		D628EBE6E2D38A2803E11F02 /* RecordingManager.swift */ = {isa = PBXFileReference; lastKnownFileType = sourcecode.swift; path = RecordingManager.swift; sourceTree = "<group>"; };
		DF3ADB3DDBD0453C570B0E79 /* StandbyWatchExtension.appex */ = {isa = PBXFileReference; explicitFileType = "wrapper.app-extension"; includeInIndex = 0; path = StandbyWatchExtension.appex; sourceTree = BUILT_PRODUCTS_DIR; };
		FE73BBB3AF509CBA59CD1294 /* VitalsScheduler.swift */ = {isa = PBXFileReference; lastKnownFileType = sourcecode.swift; path = VitalsScheduler.swift; sourceTree = "<group>"; };
/* End PBXFileReference section */

/* Begin PBXGroup section */
		74E34851BF5E232340758D07 /* Products */ = {
			isa = PBXGroup;
			children = (
				53B87892CE944DB0AAA9BF21 /* StandbyApp.app */,
				BACDFD995B68899986273B63 /* StandbyWatchApp.app */,
				DF3ADB3DDBD0453C570B0E79 /* StandbyWatchExtension.appex */,
			);
			name = Products;
			sourceTree = "<group>";
		};
		B778FB39BC4FBF9C324368DC /* Sources */ = {
			isa = PBXGroup;
			children = (
				C5083BA5EE5EBE6738F2B3D3 /* Connectivity.swift */,
				CDCE795B2806B39DEF01E02D /* HealthKitManager.swift */,
				D628EBE6E2D38A2803E11F02 /* RecordingManager.swift */,
				A29680711730267F42D4F1E3 /* StandbyWatchApp.swift */,
				FE73BBB3AF509CBA59CD1294 /* VitalsScheduler.swift */,
				4389B6F59473F9871E209C27 /* WatchAppDelegate.swift */,
			);
			name = Sources;
			path = WatchExtension/Sources;
			sourceTree = "<group>";
		};
		EDEE7E3C0FEFCF226917E301 /* Sources */ = {
			isa = PBXGroup;
			children = (
				B82EE7CA6599D6B05D88B30E /* StandbyApp.swift */,
			);
			name = Sources;
			path = iOSApp/Sources;
			sourceTree = "<group>";
		};
		F4D1F95AD2653A5F0970439D /* WatchApp */ = {
			isa = PBXGroup;
			children = (
				B637706CE0F6D526F79F1B4A /* Info.plist */,
			);
			path = WatchApp;
			sourceTree = "<group>";
		};
		FC65B64018EDE1C381594966 = {
			isa = PBXGroup;
			children = (
				5AFE2F79E2FB0928F2E882B6 /* Resources */,
				583BE895FC27B39AC3837C94 /* Resources */,
				EDEE7E3C0FEFCF226917E301 /* Sources */,
				B778FB39BC4FBF9C324368DC /* Sources */,
				F4D1F95AD2653A5F0970439D /* WatchApp */,
				74E34851BF5E232340758D07 /* Products */,
			);
			sourceTree = "<group>";
		};
/* End PBXGroup section */

/* Begin PBXNativeTarget section */
		0B877EC2ED1F248AA3EFE160 /* StandbyApp */ = {
			isa = PBXNativeTarget;
			buildConfigurationList = A8736F87517BC78DBF9CC156 /* Build configuration list for PBXNativeTarget "StandbyApp" */;
			buildPhases = (
				0DE0F59A0D85589146021615 /* Sources */,
				04A1CBB6D7BD5395FE04D8C1 /* Resources */,
				7B0489773FF6DBE868D5AE62 /* Embed Watch Content */,
			);
			buildRules = (
			);
			dependencies = (
				735D4CE4A79AB72405AB715D /* PBXTargetDependency */,
			);
			name = StandbyApp;
			packageProductDependencies = (
			);
			productName = StandbyApp;
			productReference = 53B87892CE944DB0AAA9BF21 /* StandbyApp.app */;
			productType = "com.apple.product-type.application";
		};
		7BCB3EBD5AB851E379E6807B /* StandbyWatchApp */ = {
			isa = PBXNativeTarget;
			buildConfigurationList = F2127C74A573515C4193B71F /* Build configuration list for PBXNativeTarget "StandbyWatchApp" */;
			buildPhases = (
				08A17C54D69C19DD6832BB62 /* Sources */,
				7B987B55D543E2B2D71AF11F /* Embed Foundation Extensions */,
			);
			buildRules = (
			);
			dependencies = (
				CBA01BF221A99DADFAA4260C /* PBXTargetDependency */,
			);
			name = StandbyWatchApp;
			packageProductDependencies = (
			);
			productName = StandbyWatchApp;
			productReference = BACDFD995B68899986273B63 /* StandbyWatchApp.app */;
			productType = "com.apple.product-type.application";
		};
		E7DA775F05B7390C7244F115 /* StandbyWatchExtension */ = {
			isa = PBXNativeTarget;
			buildConfigurationList = E045ECA367369C055DE728F4 /* Build configuration list for PBXNativeTarget "StandbyWatchExtension" */;
			buildPhases = (
				4780625D38A598F68E9F71BF /* Sources */,
				DF1AF0A7E8634BE1E22A6C8D /* Resources */,
			);
			buildRules = (
			);
			dependencies = (
			);
			name = StandbyWatchExtension;
			packageProductDependencies = (
			);
			productName = StandbyWatchExtension;
			productReference = DF3ADB3DDBD0453C570B0E79 /* StandbyWatchExtension.appex */;
			productType = "com.apple.product-type.app-extension";
		};
/* End PBXNativeTarget section */

/* Begin PBXProject section */
		F08877F088B9856DBE3F2CDF /* Project object */ = {
			isa = PBXProject;
			attributes = {
				BuildIndependentTargetsInParallel = YES;
				LastUpgradeCheck = 1430;
				TargetAttributes = {
					0B877EC2ED1F248AA3EFE160 = {
						DevelopmentTeam = "";
					};
					7BCB3EBD5AB851E379E6807B = {
						DevelopmentTeam = "";
					};
					E7DA775F05B7390C7244F115 = {
						DevelopmentTeam = "";
					};
				};
			};
			buildConfigurationList = C32B746C5F9ADB812EB2363F /* Build configuration list for PBXProject "StandbyWatch" */;
			compatibilityVersion = "Xcode 14.0";
			developmentRegion = en;
			hasScannedForEncodings = 0;
			knownRegions = (
				Base,
				en,
			);
			mainGroup = FC65B64018EDE1C381594966;
			minimizedProjectReferenceProxies = 1;
			preferredProjectObjectVersion = 77;
			projectDirPath = "";
			projectRoot = "";
			targets = (
				0B877EC2ED1F248AA3EFE160 /* StandbyApp */,
				7BCB3EBD5AB851E379E6807B /* StandbyWatchApp */,
				E7DA775F05B7390C7244F115 /* StandbyWatchExtension */,
			);
		};
/* End PBXProject section */

/* Begin PBXResourcesBuildPhase section */
		04A1CBB6D7BD5395FE04D8C1 /* Resources */ = {
			isa = PBXResourcesBuildPhase;
			buildActionMask = 2147483647;
			files = (
				8293FF7CB6670D9A8272E6B8 /* Resources in Resources */,
			);
			runOnlyForDeploymentPostprocessing = 0;
		};
		DF1AF0A7E8634BE1E22A6C8D /* Resources */ = {
			isa = PBXResourcesBuildPhase;
			buildActionMask = 2147483647;
			files = (
				C82FFD511369FD1F13AFF81C /* Resources in Resources */,
			);
			runOnlyForDeploymentPostprocessing = 0;
		};
/* End PBXResourcesBuildPhase section */

/* Begin PBXSourcesBuildPhase section */
		08A17C54D69C19DD6832BB62 /* Sources */ = {
			isa = PBXSourcesBuildPhase;
			buildActionMask = 2147483647;
			files = (
			);
			runOnlyForDeploymentPostprocessing = 0;
		};
		0DE0F59A0D85589146021615 /* Sources */ = {
			isa = PBXSourcesBuildPhase;
			buildActionMask = 2147483647;
			files = (
				B9FD1DA8D061B000707A70D5 /* StandbyApp.swift in Sources */,
			);
			runOnlyForDeploymentPostprocessing = 0;
		};
		4780625D38A598F68E9F71BF /* Sources */ = {
			isa = PBXSourcesBuildPhase;
			buildActionMask = 2147483647;
			files = (
				E763B25422C1D8AA76280C63 /* Connectivity.swift in Sources */,
				CF53922A107B1021378CFBCB /* HealthKitManager.swift in Sources */,
				19BF9F7A77685C9F4EC1E422 /* RecordingManager.swift in Sources */,
				A8E204368F060523DF527A39 /* StandbyWatchApp.swift in Sources */,
				3AABFD0C0DA2926318FB7BA2 /* VitalsScheduler.swift in Sources */,
				3BE2BD18CE29AB7D43445AD4 /* WatchAppDelegate.swift in Sources */,
			);
			runOnlyForDeploymentPostprocessing = 0;
		};
/* End PBXSourcesBuildPhase section */

/* Begin PBXTargetDependency section */
		735D4CE4A79AB72405AB715D /* PBXTargetDependency */ = {
			isa = PBXTargetDependency;
			target = 7BCB3EBD5AB851E379E6807B /* StandbyWatchApp */;
			targetProxy = 6DBDFB5CA8054793F9A10EB3 /* PBXContainerItemProxy */;
		};
		CBA01BF221A99DADFAA4260C /* PBXTargetDependency */ = {
			isa = PBXTargetDependency;
			target = E7DA775F05B7390C7244F115 /* StandbyWatchExtension */;
			targetProxy = 8C4625E091386A29D0EBFF6E /* PBXContainerItemProxy */;
		};
/* End PBXTargetDependency section */

/* Begin XCBuildConfiguration section */
		3929598EB535C107D42F8D64 /* Debug */ = {
			isa = XCBuildConfiguration;
			buildSettings = {
				ALWAYS_SEARCH_USER_PATHS = NO;
				CLANG_ANALYZER_NONNULL = YES;
				CLANG_ANALYZER_NUMBER_OBJECT_CONVERSION = YES_AGGRESSIVE;
				CLANG_CXX_LANGUAGE_STANDARD = "gnu++14";
				CLANG_CXX_LIBRARY = "libc++";
				CLANG_ENABLE_MODULES = YES;
				CLANG_ENABLE_OBJC_ARC = YES;
				CLANG_ENABLE_OBJC_WEAK = YES;
				CLANG_WARN_BLOCK_CAPTURE_AUTORELEASING = YES;
				CLANG_WARN_BOOL_CONVERSION = YES;
				CLANG_WARN_COMMA = YES;
				CLANG_WARN_CONSTANT_CONVERSION = YES;
				CLANG_WARN_DEPRECATED_OBJC_IMPLEMENTATIONS = YES;
				CLANG_WARN_DIRECT_OBJC_ISA_USAGE = YES_ERROR;
				CLANG_WARN_DOCUMENTATION_COMMENTS = YES;
				CLANG_WARN_EMPTY_BODY = YES;
				CLANG_WARN_ENUM_CONVERSION = YES;
				CLANG_WARN_INFINITE_RECURSION = YES;
				CLANG_WARN_INT_CONVERSION = YES;
				CLANG_WARN_NON_LITERAL_NULL_CONVERSION = YES;
				CLANG_WARN_OBJC_IMPLICIT_RETAIN_SELF = YES;
				CLANG_WARN_OBJC_LITERAL_CONVERSION = YES;
				CLANG_WARN_OBJC_ROOT_CLASS = YES_ERROR;
				CLANG_WARN_QUOTED_INCLUDE_IN_FRAMEWORK_HEADER = YES;
				CLANG_WARN_RANGE_LOOP_ANALYSIS = YES;
				CLANG_WARN_STRICT_PROTOTYPES = YES;
				CLANG_WARN_SUSPICIOUS_MOVE = YES;
				CLANG_WARN_UNGUARDED_AVAILABILITY = YES_AGGRESSIVE;
				CLANG_WARN_UNREACHABLE_CODE = YES;
				CLANG_WARN__DUPLICATE_METHOD_MATCH = YES;
				COPY_PHASE_STRIP = NO;
				DEBUG_INFORMATION_FORMAT = dwarf;
				DEVELOPMENT_TEAM = "";
				ENABLE_STRICT_OBJC_MSGSEND = YES;
				ENABLE_TESTABILITY = YES;
				GCC_C_LANGUAGE_STANDARD = gnu11;
				GCC_DYNAMIC_NO_PIC = NO;
				GCC_NO_COMMON_BLOCKS = YES;
				GCC_OPTIMIZATION_LEVEL = 0;
				GCC_PREPROCESSOR_DEFINITIONS = (
					"$(inherited)",
					"DEBUG=1",
				);
				GCC_WARN_64_TO_32_BIT_CONVERSION = YES;
				GCC_WARN_ABOUT_RETURN_TYPE = YES_ERROR;
				GCC_WARN_UNDECLARED_SELECTOR = YES;
				GCC_WARN_UNINITIALIZED_AUTOS = YES_AGGRESSIVE;
				GCC_WARN_UNUSED_FUNCTION = YES;
				GCC_WARN_UNUSED_VARIABLE = YES;
				IPHONEOS_DEPLOYMENT_TARGET = 15.0;
				MTL_ENABLE_DEBUG_INFO = INCLUDE_SOURCE;
				MTL_FAST_MATH = YES;
				ONLY_ACTIVE_ARCH = YES;
				ORGANIZATIONNAME = Standby;
				PRODUCT_NAME = "$(TARGET_NAME)";
				SWIFT_ACTIVE_COMPILATION_CONDITIONS = DEBUG;
				SWIFT_OPTIMIZATION_LEVEL = "-Onone";
				SWIFT_VERSION = 5.0;
				WATCHOS_DEPLOYMENT_TARGET = 8.0;
			};
			name = Debug;
		};
		4B61768829D3C2572C5E506E /* Release */ = {
			isa = XCBuildConfiguration;
			buildSettings = {
				ASSETCATALOG_COMPILER_APPICON_NAME = AppIcon;
				INFOPLIST_FILE = WatchApp/Info.plist;
				PRODUCT_BUNDLE_IDENTIFIER = com.standby.watchapp.watchapp;
				SDKROOT = watchos;
				SKIP_INSTALL = YES;
				TARGETED_DEVICE_FAMILY = 4;
				WATCHOS_DEPLOYMENT_TARGET = 8.0;
			};
			name = Release;
		};
		52C73F72C275BC1F2169B6AA /* Debug */ = {
			isa = XCBuildConfiguration;
			buildSettings = {
				ASSETCATALOG_COMPILER_APPICON_NAME = AppIcon;
				INFOPLIST_FILE = WatchApp/Info.plist;
				PRODUCT_BUNDLE_IDENTIFIER = com.standby.watchapp.watchapp;
				SDKROOT = watchos;
				SKIP_INSTALL = YES;
				TARGETED_DEVICE_FAMILY = 4;
				WATCHOS_DEPLOYMENT_TARGET = 8.0;
			};
			name = Debug;
		};
		5F67FB2ECC6D3674A546E331 /* Release */ = {
			isa = XCBuildConfiguration;
			buildSettings = {
				CODE_SIGN_ENTITLEMENTS = WatchExtension/Entitlements/StandbyWatchExtension.entitlements;
				ENABLE_BITCODE = NO;
				INFOPLIST_FILE = WatchExtension/Resources/Info.plist;
				LD_RUNPATH_SEARCH_PATHS = (
					"$(inherited)",
					"@executable_path/Frameworks",
					"@executable_path/../../Frameworks",
				);
				PRODUCT_BUNDLE_IDENTIFIER = com.standby.watchapp.watchapp.extension;
				SDKROOT = watchos;
				SKIP_INSTALL = YES;
				TARGETED_DEVICE_FAMILY = 4;
				WATCHOS_DEPLOYMENT_TARGET = 8.0;
			};
			name = Release;
		};
		616CE6DD36AC1C5CAC7B1FE3 /* Debug */ = {
			isa = XCBuildConfiguration;
			buildSettings = {
				ASSETCATALOG_COMPILER_APPICON_NAME = AppIcon;
				CODE_SIGN_ENTITLEMENTS = iOSApp/Entitlements/StandbyApp.entitlements;
				CODE_SIGN_IDENTITY = "iPhone Developer";
				INFOPLIST_FILE = iOSApp/Resources/Info.plist;
				IPHONEOS_DEPLOYMENT_TARGET = 15.0;
				LD_RUNPATH_SEARCH_PATHS = (
					"$(inherited)",
					"@executable_path/Frameworks",
				);
				PRODUCT_BUNDLE_IDENTIFIER = com.standby.watchapp.ios;
				SDKROOT = iphoneos;
				TARGETED_DEVICE_FAMILY = "1,2";
			};
			name = Debug;
		};
		641CFE4D5CE0A226585BF5EB /* Debug */ = {
			isa = XCBuildConfiguration;
			buildSettings = {
				CODE_SIGN_ENTITLEMENTS = WatchExtension/Entitlements/StandbyWatchExtension.entitlements;
				ENABLE_BITCODE = NO;
				INFOPLIST_FILE = WatchExtension/Resources/Info.plist;
				LD_RUNPATH_SEARCH_PATHS = (
					"$(inherited)",
					"@executable_path/Frameworks",
					"@executable_path/../../Frameworks",
				);
				PRODUCT_BUNDLE_IDENTIFIER = com.standby.watchapp.watchapp.extension;
				SDKROOT = watchos;
				SKIP_INSTALL = YES;
				TARGETED_DEVICE_FAMILY = 4;
				WATCHOS_DEPLOYMENT_TARGET = 8.0;
			};
			name = Debug;
		};
		AE33648CBBD977ACBA730387 /* Release */ = {
			isa = XCBuildConfiguration;
			buildSettings = {
				ASSETCATALOG_COMPILER_APPICON_NAME = AppIcon;
				CODE_SIGN_ENTITLEMENTS = iOSApp/Entitlements/StandbyApp.entitlements;
				CODE_SIGN_IDENTITY = "iPhone Developer";
				INFOPLIST_FILE = iOSApp/Resources/Info.plist;
				IPHONEOS_DEPLOYMENT_TARGET = 15.0;
				LD_RUNPATH_SEARCH_PATHS = (
					"$(inherited)",
					"@executable_path/Frameworks",
				);
				PRODUCT_BUNDLE_IDENTIFIER = com.standby.watchapp.ios;
				SDKROOT = iphoneos;
				TARGETED_DEVICE_FAMILY = "1,2";
			};
			name = Release;
		};
		C119A3ACF7D3AC2DE3A1C26C /* Release */ = {
			isa = XCBuildConfiguration;
			buildSettings = {
				ALWAYS_SEARCH_USER_PATHS = NO;
				CLANG_ANALYZER_NONNULL = YES;
				CLANG_ANALYZER_NUMBER_OBJECT_CONVERSION = YES_AGGRESSIVE;
				CLANG_CXX_LANGUAGE_STANDARD = "gnu++14";
				CLANG_CXX_LIBRARY = "libc++";
				CLANG_ENABLE_MODULES = YES;
				CLANG_ENABLE_OBJC_ARC = YES;
				CLANG_ENABLE_OBJC_WEAK = YES;
				CLANG_WARN_BLOCK_CAPTURE_AUTORELEASING = YES;
				CLANG_WARN_BOOL_CONVERSION = YES;
				CLANG_WARN_COMMA = YES;
				CLANG_WARN_CONSTANT_CONVERSION = YES;
				CLANG_WARN_DEPRECATED_OBJC_IMPLEMENTATIONS = YES;
				CLANG_WARN_DIRECT_OBJC_ISA_USAGE = YES_ERROR;
				CLANG_WARN_DOCUMENTATION_COMMENTS = YES;
				CLANG_WARN_EMPTY_BODY = YES;
				CLANG_WARN_ENUM_CONVERSION = YES;
				CLANG_WARN_INFINITE_RECURSION = YES;
				CLANG_WARN_INT_CONVERSION = YES;
				CLANG_WARN_NON_LITERAL_NULL_CONVERSION = YES;
				CLANG_WARN_OBJC_IMPLICIT_RETAIN_SELF = YES;
				CLANG_WARN_OBJC_LITERAL_CONVERSION = YES;
				CLANG_WARN_OBJC_ROOT_CLASS = YES_ERROR;
				CLANG_WARN_QUOTED_INCLUDE_IN_FRAMEWORK_HEADER = YES;
				CLANG_WARN_RANGE_LOOP_ANALYSIS = YES;
				CLANG_WARN_STRICT_PROTOTYPES = YES;
				CLANG_WARN_SUSPICIOUS_MOVE = YES;
				CLANG_WARN_UNGUARDED_AVAILABILITY = YES_AGGRESSIVE;
				CLANG_WARN_UNREACHABLE_CODE = YES;
				CLANG_WARN__DUPLICATE_METHOD_MATCH = YES;
				COPY_PHASE_STRIP = NO;
				DEBUG_INFORMATION_FORMAT = "dwarf-with-dsym";
				DEVELOPMENT_TEAM = "";
				ENABLE_NS_ASSERTIONS = NO;
				ENABLE_STRICT_OBJC_MSGSEND = YES;
				GCC_C_LANGUAGE_STANDARD = gnu11;
				GCC_NO_COMMON_BLOCKS = YES;
				GCC_WARN_64_TO_32_BIT_CONVERSION = YES;
				GCC_WARN_ABOUT_RETURN_TYPE = YES_ERROR;
				GCC_WARN_UNDECLARED_SELECTOR = YES;
				GCC_WARN_UNINITIALIZED_AUTOS = YES_AGGRESSIVE;
				GCC_WARN_UNUSED_FUNCTION = YES;
				GCC_WARN_UNUSED_VARIABLE = YES;
				IPHONEOS_DEPLOYMENT_TARGET = 15.0;
				MTL_ENABLE_DEBUG_INFO = NO;
				MTL_FAST_MATH = YES;
				ORGANIZATIONNAME = Standby;
				PRODUCT_NAME = "$(TARGET_NAME)";
				SWIFT_COMPILATION_MODE = wholemodule;
				SWIFT_OPTIMIZATION_LEVEL = "-O";
				SWIFT_VERSION = 5.0;
				WATCHOS_DEPLOYMENT_TARGET = 8.0;
			};
			name = Release;
		};
/* End XCBuildConfiguration section */

/* Begin XCConfigurationList section */
		A8736F87517BC78DBF9CC156 /* Build configuration list for PBXNativeTarget "StandbyApp" */ = {
			isa = XCConfigurationList;
			buildConfigurations = (
				616CE6DD36AC1C5CAC7B1FE3 /* Debug */,
				AE33648CBBD977ACBA730387 /* Release */,
			);
			defaultConfigurationIsVisible = 0;
			defaultConfigurationName = Debug;
		};
		C32B746C5F9ADB812EB2363F /* Build configuration list for PBXProject "StandbyWatch" */ = {
			isa = XCConfigurationList;
			buildConfigurations = (
				3929598EB535C107D42F8D64 /* Debug */,
				C119A3ACF7D3AC2DE3A1C26C /* Release */,
			);
			defaultConfigurationIsVisible = 0;
			defaultConfigurationName = Debug;
		};
		E045ECA367369C055DE728F4 /* Build configuration list for PBXNativeTarget "StandbyWatchExtension" */ = {
			isa = XCConfigurationList;
			buildConfigurations = (
				641CFE4D5CE0A226585BF5EB /* Debug */,
				5F67FB2ECC6D3674A546E331 /* Release */,
			);
			defaultConfigurationIsVisible = 0;
			defaultConfigurationName = Debug;
		};
		F2127C74A573515C4193B71F /* Build configuration list for PBXNativeTarget "StandbyWatchApp" */ = {
			isa = XCConfigurationList;
			buildConfigurations = (
				52C73F72C275BC1F2169B6AA /* Debug */,
				4B61768829D3C2572C5E506E /* Release */,
			);
			defaultConfigurationIsVisible = 0;
			defaultConfigurationName = Debug;
		};
/* End XCConfigurationList section */
	};
	rootObject = F08877F088B9856DBE3F2CDF /* Project object */;
}
